{
  "name": "shine-web-app-frontend",
  "version": "0.0.0",
  "lockfileVersion": 1,
  "requires": true,
  "dependencies": {
    "angular-bootstrap-md": {
      "version": "6.2.1",
      "resolved": "https://registry.npmjs.org/angular-bootstrap-md/-/angular-bootstrap-md-6.2.1.tgz",
      "integrity": "sha512-Z1G2Gbry5gn107dFPLPsWgEhJ6thbYOPMBuaNOgjKUl9WFcJEklYSrughjIKNtYl+GSnL4vZJLSZJ7X9mEL9fg=="
    },
    "angular-particle": {
      "version": "1.0.4",
      "resolved": "https://registry.npmjs.org/angular-particle/-/angular-particle-1.0.4.tgz",
      "integrity": "sha512-bvf9uAOHhK5PSn0+vqpYii9xxv9f7FoLUPigHXDLGz5xMSvY0My/U6Yrzp+LF0MYqEJOh/6vOpcRSUfRMsLR+g=="
    },
    "chart.js": {
      "version": "2.7.2",
      "resolved": "https://registry.npmjs.org/chart.js/-/chart.js-2.7.2.tgz",
      "integrity": "sha512-90wl3V9xRZ8tnMvMlpcW+0Yg13BelsGS9P9t0ClaDxv/hdypHDr/YAGf+728m11P5ljwyB0ZHfPKCapZFqSqYA==",
      "requires": {
        "chartjs-color": "^2.1.0",
        "moment": "^2.10.2"
      }
    },
    "chartjs-color": {
      "version": "2.2.0",
      "resolved": "https://registry.npmjs.org/chartjs-color/-/chartjs-color-2.2.0.tgz",
      "integrity": "sha1-hKL7dVeH7YXDndbdjHsdiEKbrq4=",
      "requires": {
        "chartjs-color-string": "^0.5.0",
        "color-convert": "^0.5.3"
      }
    },
    "chartjs-color-string": {
      "version": "0.5.0",
      "resolved": "https://registry.npmjs.org/chartjs-color-string/-/chartjs-color-string-0.5.0.tgz",
      "integrity": "sha512-amWNvCOXlOUYxZVDSa0YOab5K/lmEhbFNKI55PWc4mlv28BDzA7zaoQTGxSBgJMHIW+hGX8YUrvw/FH4LyhwSQ==",
      "requires": {
        "color-name": "^1.0.0"
      }
    },
    "color-convert": {
      "version": "0.5.3",
      "resolved": "https://registry.npmjs.org/color-convert/-/color-convert-0.5.3.tgz",
      "integrity": "sha1-vbbGnOZg+t/+CwAHzER+G59ygr0="
    },
    "color-name": {
      "version": "1.1.3",
      "resolved": "https://registry.npmjs.org/color-name/-/color-name-1.1.3.tgz",
      "integrity": "sha1-p9BVi9icQveV3UIyj3QIMcpTvCU="
    },
    "d": {
      "version": "1.0.0",
      "resolved": "https://registry.npmjs.org/d/-/d-1.0.0.tgz",
      "integrity": "sha1-dUu1v+VUUdpppYuU1F9MWwRi1Y8=",
      "requires": {
        "es5-ext": "^0.10.9"
      }
    },
    "es5-ext": {
      "version": "0.10.45",
      "resolved": "https://registry.npmjs.org/es5-ext/-/es5-ext-0.10.45.tgz",
      "integrity": "sha512-FkfM6Vxxfmztilbxxz5UKSD4ICMf5tSpRFtDNtkAhOxZ0EKtX6qwmXNyH/sFyIbX2P/nU5AMiA9jilWsUGJzCQ==",
      "requires": {
        "es6-iterator": "~2.0.3",
        "es6-symbol": "~3.1.1",
        "next-tick": "1"
      }
    },
    "es6-iterator": {
      "version": "2.0.3",
      "resolved": "https://registry.npmjs.org/es6-iterator/-/es6-iterator-2.0.3.tgz",
      "integrity": "sha1-p96IkUGgWpSwhUQDstCg+/qY87c=",
      "requires": {
        "d": "1",
        "es5-ext": "^0.10.35",
        "es6-symbol": "^3.1.1"
      }
    },
    "es6-symbol": {
      "version": "3.1.1",
      "resolved": "https://registry.npmjs.org/es6-symbol/-/es6-symbol-3.1.1.tgz",
      "integrity": "sha1-vwDvT9q2uhtG7Le2KbTH7VcVzHc=",
      "requires": {
        "d": "1",
        "es5-ext": "~0.10.14"
      }
    },
    "moment": {
      "version": "2.22.2",
      "resolved": "https://registry.npmjs.org/moment/-/moment-2.22.2.tgz",
      "integrity": "sha1-PCV/mDn8DpP/UxSWMiOeuQeD/2Y="
    },
    "moment-range": {
      "version": "4.0.1",
      "resolved": "https://registry.npmjs.org/moment-range/-/moment-range-4.0.1.tgz",
      "integrity": "sha1-GujPIJ3e0KXOXhZgMUYmWzkGqG8=",
      "requires": {
        "es6-symbol": "^3.1.0"
      }
    },
    "next-tick": {
      "version": "1.0.0",
      "resolved": "https://registry.npmjs.org/next-tick/-/next-tick-1.0.0.tgz",
      "integrity": "sha1-yobR/ogoFpsBICCOPchCS524NCw="
    },
    "ng2-charts": {
      "version": "1.6.0",
      "resolved": "https://registry.npmjs.org/ng2-charts/-/ng2-charts-1.6.0.tgz",
      "integrity": "sha512-9w0WH69x5/nuqC1og2WaY39NbaBqTGIP1+5gZaH7/KPN6UEPonNg/pYnsIVklLj1DWPWXKa8+XXIJZ1jy5nLxg==",
      "requires": {
        "chart.js": "^2.6.0"
      }
    },
    "ngx-custom-validators": {
      "version": "6.0.0",
      "resolved": "https://registry.npmjs.org/ngx-custom-validators/-/ngx-custom-validators-6.0.0.tgz",
      "integrity": "sha512-PsSfiTSzHXpJCzB5hR2zUBHvQecT3PsfhefIASxI6IikSNb/QRzCRTZu2uRDlNfdR/yxEuHuaTYspgGP4LUqzg==",
      "requires": {
        "tslib": "^1.9.0"
      }
    },
    "tslib": {
      "version": "1.9.3",
      "resolved": "https://registry.npmjs.org/tslib/-/tslib-1.9.3.tgz",
      "integrity": "sha512-4krF8scpejhaOgqzBEcGM7yDIEfi0/8+8zDRZhNZZ2kjmHJ4hv3zCbQWxoJGz1iw5U0Jl0nma13xzHXcncMavQ=="
    }
  }
}
